// !$*UTF8*$!
{
	archiveVersion = 1;
	classes = {
	};
	objectVersion = 55;
	objects = {

/* Begin PBXBuildFile section */
		A605D96FD72A39BB5A1A238C /* Pods_MoviesAppTests.framework in Frameworks */ = {isa = PBXBuildFile; fileRef = 9D0C4AE4B1281DB43DCD9044 /* Pods_MoviesAppTests.framework */; };
		AD82798494F0B4A6D660DBD4 /* Pods_MoviesApp_MoviesAppUITests.framework in Frameworks */ = {isa = PBXBuildFile; fileRef = 2E94131075CEE3CF972559B3 /* Pods_MoviesApp_MoviesAppUITests.framework */; };
		B15A8B337002EE75507F0818 /* Pods_MoviesApp.framework in Frameworks */ = {isa = PBXBuildFile; fileRef = C833955C5F48820BBB053F28 /* Pods_MoviesApp.framework */; };
		E2FC6D052848EB4D00C33604 /* AppDelegate.swift in Sources */ = {isa = PBXBuildFile; fileRef = E2FC6D042848EB4D00C33604 /* AppDelegate.swift */; };
		E2FC6D072848EB4D00C33604 /* SceneDelegate.swift in Sources */ = {isa = PBXBuildFile; fileRef = E2FC6D062848EB4D00C33604 /* SceneDelegate.swift */; };
		E2FC6D092848EB4D00C33604 /* HomeVC.swift in Sources */ = {isa = PBXBuildFile; fileRef = E2FC6D082848EB4D00C33604 /* HomeVC.swift */; };
		E2FC6D0C2848EB4D00C33604 /* Main.storyboard in Resources */ = {isa = PBXBuildFile; fileRef = E2FC6D0A2848EB4D00C33604 /* Main.storyboard */; };
		E2FC6D0E2848EB4F00C33604 /* Assets.xcassets in Resources */ = {isa = PBXBuildFile; fileRef = E2FC6D0D2848EB4F00C33604 /* Assets.xcassets */; };
		E2FC6D112848EB4F00C33604 /* LaunchScreen.storyboard in Resources */ = {isa = PBXBuildFile; fileRef = E2FC6D0F2848EB4F00C33604 /* LaunchScreen.storyboard */; };
		E2FC6D1C2848EB4F00C33604 /* MoviesAppTests.swift in Sources */ = {isa = PBXBuildFile; fileRef = E2FC6D1B2848EB4F00C33604 /* MoviesAppTests.swift */; };
		E2FC6D262848EB4F00C33604 /* MoviesAppUITests.swift in Sources */ = {isa = PBXBuildFile; fileRef = E2FC6D252848EB4F00C33604 /* MoviesAppUITests.swift */; };
		E2FC6D282848EB4F00C33604 /* MoviesAppUITestsLaunchTests.swift in Sources */ = {isa = PBXBuildFile; fileRef = E2FC6D272848EB4F00C33604 /* MoviesAppUITestsLaunchTests.swift */; };
		E2FC6D452849056800C33604 /* ImageUtilities.swift in Sources */ = {isa = PBXBuildFile; fileRef = E2FC6D442849056800C33604 /* ImageUtilities.swift */; };
		E2FC6D47284958EA00C33604 /* LabelUtilities.swift in Sources */ = {isa = PBXBuildFile; fileRef = E2FC6D46284958EA00C33604 /* LabelUtilities.swift */; };
		E2FC6D492849623000C33604 /* Movie.swift in Sources */ = {isa = PBXBuildFile; fileRef = E2FC6D482849623000C33604 /* Movie.swift */; };
		E2FC6D4B284969E900C33604 /* TableViewUtilities.swift in Sources */ = {isa = PBXBuildFile; fileRef = E2FC6D4A284969E900C33604 /* TableViewUtilities.swift */; };
		E2FC6D4E28496DD000C33604 /* MovieCell.swift in Sources */ = {isa = PBXBuildFile; fileRef = E2FC6D4D28496DD000C33604 /* MovieCell.swift */; };
		E2FC6D50284972FE00C33604 /* HomeViewModel.swift in Sources */ = {isa = PBXBuildFile; fileRef = E2FC6D4F284972FE00C33604 /* HomeViewModel.swift */; };
		E2FC6D612849754600C33604 /* Common.swift in Sources */ = {isa = PBXBuildFile; fileRef = E2FC6D602849754600C33604 /* Common.swift */; };
		E2FC6D64284979AD00C33604 /* HttpRequestHelper.swift in Sources */ = {isa = PBXBuildFile; fileRef = E2FC6D63284979AD00C33604 /* HttpRequestHelper.swift */; };
		E2FC6D6728497A9600C33604 /* HomeDataSource.swift in Sources */ = {isa = PBXBuildFile; fileRef = E2FC6D6628497A9600C33604 /* HomeDataSource.swift */; };
		E2FC6D692849814700C33604 /* MovieCellViewModel.swift in Sources */ = {isa = PBXBuildFile; fileRef = E2FC6D682849814700C33604 /* MovieCellViewModel.swift */; };
		E2FC6D6E284A655C00C33604 /* ViewUtilities.swift in Sources */ = {isa = PBXBuildFile; fileRef = E2FC6D6D284A655C00C33604 /* ViewUtilities.swift */; };
		E2FC6D70284A70A400C33604 /* DetailVC.swift in Sources */ = {isa = PBXBuildFile; fileRef = E2FC6D6F284A70A400C33604 /* DetailVC.swift */; };
		E2FC6D72284A8C8900C33604 /* SpinnerUtilities.swift in Sources */ = {isa = PBXBuildFile; fileRef = E2FC6D71284A8C8900C33604 /* SpinnerUtilities.swift */; };
/* End PBXBuildFile section */

/* Begin PBXContainerItemProxy section */
		E2FC6D182848EB4F00C33604 /* PBXContainerItemProxy */ = {
			isa = PBXContainerItemProxy;
			containerPortal = E2FC6CF92848EB4D00C33604 /* Project object */;
			proxyType = 1;
			remoteGlobalIDString = E2FC6D002848EB4D00C33604;
			remoteInfo = MoviesApp;
		};
		E2FC6D222848EB4F00C33604 /* PBXContainerItemProxy */ = {
			isa = PBXContainerItemProxy;
			containerPortal = E2FC6CF92848EB4D00C33604 /* Project object */;
			proxyType = 1;
			remoteGlobalIDString = E2FC6D002848EB4D00C33604;
			remoteInfo = MoviesApp;
		};
/* End PBXContainerItemProxy section */

/* Begin PBXFileReference section */
		115B146CD8D84DF98B28E3BD /* Pods-MoviesApp.release.xcconfig */ = {isa = PBXFileReference; includeInIndex = 1; lastKnownFileType = text.xcconfig; name = "Pods-MoviesApp.release.xcconfig"; path = "Target Support Files/Pods-MoviesApp/Pods-MoviesApp.release.xcconfig"; sourceTree = "<group>"; };
		2E94131075CEE3CF972559B3 /* Pods_MoviesApp_MoviesAppUITests.framework */ = {isa = PBXFileReference; explicitFileType = wrapper.framework; includeInIndex = 0; path = Pods_MoviesApp_MoviesAppUITests.framework; sourceTree = BUILT_PRODUCTS_DIR; };
		324FD94C19391620A04C09E7 /* Pods-MoviesApp-MoviesAppUITests.debug.xcconfig */ = {isa = PBXFileReference; includeInIndex = 1; lastKnownFileType = text.xcconfig; name = "Pods-MoviesApp-MoviesAppUITests.debug.xcconfig"; path = "Target Support Files/Pods-MoviesApp-MoviesAppUITests/Pods-MoviesApp-MoviesAppUITests.debug.xcconfig"; sourceTree = "<group>"; };
		41C56C1E17C9E815398405AD /* Pods-MoviesAppTests.release.xcconfig */ = {isa = PBXFileReference; includeInIndex = 1; lastKnownFileType = text.xcconfig; name = "Pods-MoviesAppTests.release.xcconfig"; path = "Target Support Files/Pods-MoviesAppTests/Pods-MoviesAppTests.release.xcconfig"; sourceTree = "<group>"; };
		76B91E2ED7022C18B33D89FB /* Pods-MoviesApp.debug.xcconfig */ = {isa = PBXFileReference; includeInIndex = 1; lastKnownFileType = text.xcconfig; name = "Pods-MoviesApp.debug.xcconfig"; path = "Target Support Files/Pods-MoviesApp/Pods-MoviesApp.debug.xcconfig"; sourceTree = "<group>"; };
		8553BF11E651F757B402E2D1 /* Pods-MoviesApp-MoviesAppUITests.release.xcconfig */ = {isa = PBXFileReference; includeInIndex = 1; lastKnownFileType = text.xcconfig; name = "Pods-MoviesApp-MoviesAppUITests.release.xcconfig"; path = "Target Support Files/Pods-MoviesApp-MoviesAppUITests/Pods-MoviesApp-MoviesAppUITests.release.xcconfig"; sourceTree = "<group>"; };
		9D0C4AE4B1281DB43DCD9044 /* Pods_MoviesAppTests.framework */ = {isa = PBXFileReference; explicitFileType = wrapper.framework; includeInIndex = 0; path = Pods_MoviesAppTests.framework; sourceTree = BUILT_PRODUCTS_DIR; };
		C833955C5F48820BBB053F28 /* Pods_MoviesApp.framework */ = {isa = PBXFileReference; explicitFileType = wrapper.framework; includeInIndex = 0; path = Pods_MoviesApp.framework; sourceTree = BUILT_PRODUCTS_DIR; };
		E2FC6D012848EB4D00C33604 /* MoviesApp.app */ = {isa = PBXFileReference; explicitFileType = wrapper.application; includeInIndex = 0; path = MoviesApp.app; sourceTree = BUILT_PRODUCTS_DIR; };
		E2FC6D042848EB4D00C33604 /* AppDelegate.swift */ = {isa = PBXFileReference; lastKnownFileType = sourcecode.swift; path = AppDelegate.swift; sourceTree = "<group>"; };
		E2FC6D062848EB4D00C33604 /* SceneDelegate.swift */ = {isa = PBXFileReference; lastKnownFileType = sourcecode.swift; path = SceneDelegate.swift; sourceTree = "<group>"; };
		E2FC6D082848EB4D00C33604 /* HomeVC.swift */ = {isa = PBXFileReference; lastKnownFileType = sourcecode.swift; path = HomeVC.swift; sourceTree = "<group>"; };
		E2FC6D0B2848EB4D00C33604 /* Base */ = {isa = PBXFileReference; lastKnownFileType = file.storyboard; name = Base; path = Base.lproj/Main.storyboard; sourceTree = "<group>"; };
		E2FC6D0D2848EB4F00C33604 /* Assets.xcassets */ = {isa = PBXFileReference; lastKnownFileType = folder.assetcatalog; path = Assets.xcassets; sourceTree = "<group>"; };
		E2FC6D102848EB4F00C33604 /* Base */ = {isa = PBXFileReference; lastKnownFileType = file.storyboard; name = Base; path = Base.lproj/LaunchScreen.storyboard; sourceTree = "<group>"; };
		E2FC6D122848EB4F00C33604 /* Info.plist */ = {isa = PBXFileReference; lastKnownFileType = text.plist.xml; path = Info.plist; sourceTree = "<group>"; };
		E2FC6D172848EB4F00C33604 /* MoviesAppTests.xctest */ = {isa = PBXFileReference; explicitFileType = wrapper.cfbundle; includeInIndex = 0; path = MoviesAppTests.xctest; sourceTree = BUILT_PRODUCTS_DIR; };
		E2FC6D1B2848EB4F00C33604 /* MoviesAppTests.swift */ = {isa = PBXFileReference; lastKnownFileType = sourcecode.swift; path = MoviesAppTests.swift; sourceTree = "<group>"; };
		E2FC6D212848EB4F00C33604 /* MoviesAppUITests.xctest */ = {isa = PBXFileReference; explicitFileType = wrapper.cfbundle; includeInIndex = 0; path = MoviesAppUITests.xctest; sourceTree = BUILT_PRODUCTS_DIR; };
		E2FC6D252848EB4F00C33604 /* MoviesAppUITests.swift */ = {isa = PBXFileReference; lastKnownFileType = sourcecode.swift; path = MoviesAppUITests.swift; sourceTree = "<group>"; };
		E2FC6D272848EB4F00C33604 /* MoviesAppUITestsLaunchTests.swift */ = {isa = PBXFileReference; lastKnownFileType = sourcecode.swift; path = MoviesAppUITestsLaunchTests.swift; sourceTree = "<group>"; };
		E2FC6D442849056800C33604 /* ImageUtilities.swift */ = {isa = PBXFileReference; lastKnownFileType = sourcecode.swift; path = ImageUtilities.swift; sourceTree = "<group>"; };
		E2FC6D46284958EA00C33604 /* LabelUtilities.swift */ = {isa = PBXFileReference; lastKnownFileType = sourcecode.swift; path = LabelUtilities.swift; sourceTree = "<group>"; };
		E2FC6D482849623000C33604 /* Movie.swift */ = {isa = PBXFileReference; lastKnownFileType = sourcecode.swift; name = Movie.swift; path = MoviesApp/Models/Movie.swift; sourceTree = SOURCE_ROOT; };
		E2FC6D4A284969E900C33604 /* TableViewUtilities.swift */ = {isa = PBXFileReference; lastKnownFileType = sourcecode.swift; path = TableViewUtilities.swift; sourceTree = "<group>"; };
		E2FC6D4D28496DD000C33604 /* MovieCell.swift */ = {isa = PBXFileReference; lastKnownFileType = sourcecode.swift; path = MovieCell.swift; sourceTree = "<group>"; };
		E2FC6D4F284972FE00C33604 /* HomeViewModel.swift */ = {isa = PBXFileReference; lastKnownFileType = sourcecode.swift; name = HomeViewModel.swift; path = MoviesApp/ViewModels/HomeViewModel.swift; sourceTree = SOURCE_ROOT; };
		E2FC6D602849754600C33604 /* Common.swift */ = {isa = PBXFileReference; lastKnownFileType = sourcecode.swift; path = Common.swift; sourceTree = "<group>"; };
		E2FC6D63284979AD00C33604 /* HttpRequestHelper.swift */ = {isa = PBXFileReference; lastKnownFileType = sourcecode.swift; path = HttpRequestHelper.swift; sourceTree = "<group>"; };
		E2FC6D6628497A9600C33604 /* HomeDataSource.swift */ = {isa = PBXFileReference; lastKnownFileType = sourcecode.swift; path = HomeDataSource.swift; sourceTree = "<group>"; };
		E2FC6D682849814700C33604 /* MovieCellViewModel.swift */ = {isa = PBXFileReference; lastKnownFileType = sourcecode.swift; name = MovieCellViewModel.swift; path = MoviesApp/ViewModels/MovieCellViewModel.swift; sourceTree = SOURCE_ROOT; };
		E2FC6D6D284A655C00C33604 /* ViewUtilities.swift */ = {isa = PBXFileReference; lastKnownFileType = sourcecode.swift; path = ViewUtilities.swift; sourceTree = "<group>"; };
		E2FC6D6F284A70A400C33604 /* DetailVC.swift */ = {isa = PBXFileReference; lastKnownFileType = sourcecode.swift; path = DetailVC.swift; sourceTree = "<group>"; };
		E2FC6D71284A8C8900C33604 /* SpinnerUtilities.swift */ = {isa = PBXFileReference; lastKnownFileType = sourcecode.swift; path = SpinnerUtilities.swift; sourceTree = "<group>"; };
		F6CCE30E9120D53EFE149F43 /* Pods-MoviesAppTests.debug.xcconfig */ = {isa = PBXFileReference; includeInIndex = 1; lastKnownFileType = text.xcconfig; name = "Pods-MoviesAppTests.debug.xcconfig"; path = "Target Support Files/Pods-MoviesAppTests/Pods-MoviesAppTests.debug.xcconfig"; sourceTree = "<group>"; };
/* End PBXFileReference section */

/* Begin PBXFrameworksBuildPhase section */
		E2FC6CFE2848EB4D00C33604 /* Frameworks */ = {
			isa = PBXFrameworksBuildPhase;
			buildActionMask = 2147483647;
			files = (
				B15A8B337002EE75507F0818 /* Pods_MoviesApp.framework in Frameworks */,
			);
			runOnlyForDeploymentPostprocessing = 0;
		};
		E2FC6D142848EB4F00C33604 /* Frameworks */ = {
			isa = PBXFrameworksBuildPhase;
			buildActionMask = 2147483647;
			files = (
				A605D96FD72A39BB5A1A238C /* Pods_MoviesAppTests.framework in Frameworks */,
			);
			runOnlyForDeploymentPostprocessing = 0;
		};
		E2FC6D1E2848EB4F00C33604 /* Frameworks */ = {
			isa = PBXFrameworksBuildPhase;
			buildActionMask = 2147483647;
			files = (
				AD82798494F0B4A6D660DBD4 /* Pods_MoviesApp_MoviesAppUITests.framework in Frameworks */,
			);
			runOnlyForDeploymentPostprocessing = 0;
		};
/* End PBXFrameworksBuildPhase section */

/* Begin PBXGroup section */
		18917E0C8A2E06CCE160A5E4 /* Pods */ = {
			isa = PBXGroup;
			children = (
				76B91E2ED7022C18B33D89FB /* Pods-MoviesApp.debug.xcconfig */,
				115B146CD8D84DF98B28E3BD /* Pods-MoviesApp.release.xcconfig */,
				324FD94C19391620A04C09E7 /* Pods-MoviesApp-MoviesAppUITests.debug.xcconfig */,
				8553BF11E651F757B402E2D1 /* Pods-MoviesApp-MoviesAppUITests.release.xcconfig */,
				F6CCE30E9120D53EFE149F43 /* Pods-MoviesAppTests.debug.xcconfig */,
				41C56C1E17C9E815398405AD /* Pods-MoviesAppTests.release.xcconfig */,
			);
			path = Pods;
			sourceTree = "<group>";
		};
		4EA1C92FDB1060576F6F592B /* Frameworks */ = {
			isa = PBXGroup;
			children = (
				C833955C5F48820BBB053F28 /* Pods_MoviesApp.framework */,
				2E94131075CEE3CF972559B3 /* Pods_MoviesApp_MoviesAppUITests.framework */,
				9D0C4AE4B1281DB43DCD9044 /* Pods_MoviesAppTests.framework */,
			);
			name = Frameworks;
			sourceTree = "<group>";
		};
		E2FC6CF82848EB4D00C33604 = {
			isa = PBXGroup;
			children = (
				E2FC6D032848EB4D00C33604 /* MoviesApp */,
				E2FC6D1A2848EB4F00C33604 /* MoviesAppTests */,
				E2FC6D242848EB4F00C33604 /* MoviesAppUITests */,
				E2FC6D022848EB4D00C33604 /* Products */,
				18917E0C8A2E06CCE160A5E4 /* Pods */,
				4EA1C92FDB1060576F6F592B /* Frameworks */,
			);
			sourceTree = "<group>";
		};
		E2FC6D022848EB4D00C33604 /* Products */ = {
			isa = PBXGroup;
			children = (
				E2FC6D012848EB4D00C33604 /* MoviesApp.app */,
				E2FC6D172848EB4F00C33604 /* MoviesAppTests.xctest */,
				E2FC6D212848EB4F00C33604 /* MoviesAppUITests.xctest */,
			);
			name = Products;
			sourceTree = "<group>";
		};
		E2FC6D032848EB4D00C33604 /* MoviesApp */ = {
			isa = PBXGroup;
			children = (
				E2FC6D74284A93F700C33604 /* ViewModels */,
				E2FC6D73284A93DA00C33604 /* Models */,
				E2FC6D6528497A6100C33604 /* DataSource */,
				E2FC6D622849799800C33604 /* Helpers */,
				E2FC6D4C28496DBA00C33604 /* Cells */,
				E2FC6D432848F4FF00C33604 /* Ressources */,
				E2FC6D422848F4ED00C33604 /* Utilities */,
				E2FC6D3D2848F44200C33604 /* MainApp */,
				E2FC6D3C2848F41C00C33604 /* Views */,
			);
			path = MoviesApp;
			sourceTree = "<group>";
		};
		E2FC6D1A2848EB4F00C33604 /* MoviesAppTests */ = {
			isa = PBXGroup;
			children = (
				E2FC6D1B2848EB4F00C33604 /* MoviesAppTests.swift */,
			);
			path = MoviesAppTests;
			sourceTree = "<group>";
		};
		E2FC6D242848EB4F00C33604 /* MoviesAppUITests */ = {
			isa = PBXGroup;
			children = (
				E2FC6D252848EB4F00C33604 /* MoviesAppUITests.swift */,
				E2FC6D272848EB4F00C33604 /* MoviesAppUITestsLaunchTests.swift */,
			);
			path = MoviesAppUITests;
			sourceTree = "<group>";
		};
		E2FC6D3C2848F41C00C33604 /* Views */ = {
			isa = PBXGroup;
			children = (
				E2FC6D082848EB4D00C33604 /* HomeVC.swift */,
				E2FC6D6F284A70A400C33604 /* DetailVC.swift */,
			);
			path = Views;
			sourceTree = "<group>";
		};
		E2FC6D3D2848F44200C33604 /* MainApp */ = {
			isa = PBXGroup;
			children = (
				E2FC6D3F2848F46300C33604 /* Xibs */,
				E2FC6D3E2848F44F00C33604 /* AppDelegate */,
			);
			path = MainApp;
			sourceTree = "<group>";
		};
		E2FC6D3E2848F44F00C33604 /* AppDelegate */ = {
			isa = PBXGroup;
			children = (
				E2FC6D042848EB4D00C33604 /* AppDelegate.swift */,
				E2FC6D062848EB4D00C33604 /* SceneDelegate.swift */,
			);
			path = AppDelegate;
			sourceTree = "<group>";
		};
		E2FC6D3F2848F46300C33604 /* Xibs */ = {
			isa = PBXGroup;
			children = (
				E2FC6D0A2848EB4D00C33604 /* Main.storyboard */,
				E2FC6D0F2848EB4F00C33604 /* LaunchScreen.storyboard */,
			);
			path = Xibs;
			sourceTree = "<group>";
		};
		E2FC6D422848F4ED00C33604 /* Utilities */ = {
			isa = PBXGroup;
			children = (
				E2FC6D442849056800C33604 /* ImageUtilities.swift */,
				E2FC6D46284958EA00C33604 /* LabelUtilities.swift */,
				E2FC6D4A284969E900C33604 /* TableViewUtilities.swift */,
				E2FC6D602849754600C33604 /* Common.swift */,
				E2FC6D6D284A655C00C33604 /* ViewUtilities.swift */,
				E2FC6D71284A8C8900C33604 /* SpinnerUtilities.swift */,
			);
			path = Utilities;
			sourceTree = "<group>";
		};
		E2FC6D432848F4FF00C33604 /* Ressources */ = {
			isa = PBXGroup;
			children = (
				E2FC6D122848EB4F00C33604 /* Info.plist */,
				E2FC6D0D2848EB4F00C33604 /* Assets.xcassets */,
			);
			path = Ressources;
			sourceTree = "<group>";
		};
		E2FC6D4C28496DBA00C33604 /* Cells */ = {
			isa = PBXGroup;
			children = (
				E2FC6D4D28496DD000C33604 /* MovieCell.swift */,
			);
			path = Cells;
			sourceTree = "<group>";
		};
		E2FC6D622849799800C33604 /* Helpers */ = {
			isa = PBXGroup;
			children = (
				E2FC6D63284979AD00C33604 /* HttpRequestHelper.swift */,
			);
			path = Helpers;
			sourceTree = "<group>";
		};
		E2FC6D6528497A6100C33604 /* DataSource */ = {
			isa = PBXGroup;
			children = (
				E2FC6D6628497A9600C33604 /* HomeDataSource.swift */,
			);
			path = DataSource;
			sourceTree = "<group>";
		};
		E2FC6D73284A93DA00C33604 /* Models */ = {
			isa = PBXGroup;
			children = (
				E2FC6D482849623000C33604 /* Movie.swift */,
			);
			path = Models;
			sourceTree = "<group>";
		};
		E2FC6D74284A93F700C33604 /* ViewModels */ = {
			isa = PBXGroup;
			children = (
				E2FC6D4F284972FE00C33604 /* HomeViewModel.swift */,
				E2FC6D682849814700C33604 /* MovieCellViewModel.swift */,
			);
			path = ViewModels;
			sourceTree = "<group>";
		};
/* End PBXGroup section */

/* Begin PBXNativeTarget section */
		E2FC6D002848EB4D00C33604 /* MoviesApp */ = {
			isa = PBXNativeTarget;
			buildConfigurationList = E2FC6D2B2848EB4F00C33604 /* Build configuration list for PBXNativeTarget "MoviesApp" */;
			buildPhases = (
				7670E4D828FD9FCD7810F5CB /* [CP] Check Pods Manifest.lock */,
				E2FC6CFD2848EB4D00C33604 /* Sources */,
				E2FC6CFE2848EB4D00C33604 /* Frameworks */,
				E2FC6CFF2848EB4D00C33604 /* Resources */,
				7DA49EAB45C9846D948CFFE2 /* [CP] Embed Pods Frameworks */,
			);
			buildRules = (
			);
			dependencies = (
			);
			name = MoviesApp;
			productName = MoviesApp;
			productReference = E2FC6D012848EB4D00C33604 /* MoviesApp.app */;
			productType = "com.apple.product-type.application";
		};
		E2FC6D162848EB4F00C33604 /* MoviesAppTests */ = {
			isa = PBXNativeTarget;
			buildConfigurationList = E2FC6D2E2848EB4F00C33604 /* Build configuration list for PBXNativeTarget "MoviesAppTests" */;
			buildPhases = (
				CA429C8221DC42BE52520BDA /* [CP] Check Pods Manifest.lock */,
				E2FC6D132848EB4F00C33604 /* Sources */,
				E2FC6D142848EB4F00C33604 /* Frameworks */,
				E2FC6D152848EB4F00C33604 /* Resources */,
			);
			buildRules = (
			);
			dependencies = (
				E2FC6D192848EB4F00C33604 /* PBXTargetDependency */,
			);
			name = MoviesAppTests;
			productName = MoviesAppTests;
			productReference = E2FC6D172848EB4F00C33604 /* MoviesAppTests.xctest */;
			productType = "com.apple.product-type.bundle.unit-test";
		};
		E2FC6D202848EB4F00C33604 /* MoviesAppUITests */ = {
			isa = PBXNativeTarget;
			buildConfigurationList = E2FC6D312848EB4F00C33604 /* Build configuration list for PBXNativeTarget "MoviesAppUITests" */;
			buildPhases = (
				CC7E416BA6EE4CE3D007D13A /* [CP] Check Pods Manifest.lock */,
				E2FC6D1D2848EB4F00C33604 /* Sources */,
				E2FC6D1E2848EB4F00C33604 /* Frameworks */,
				E2FC6D1F2848EB4F00C33604 /* Resources */,
				63BE6B0450E256883A1644E1 /* [CP] Embed Pods Frameworks */,
			);
			buildRules = (
			);
			dependencies = (
				E2FC6D232848EB4F00C33604 /* PBXTargetDependency */,
			);
			name = MoviesAppUITests;
			productName = MoviesAppUITests;
			productReference = E2FC6D212848EB4F00C33604 /* MoviesAppUITests.xctest */;
			productType = "com.apple.product-type.bundle.ui-testing";
		};
/* End PBXNativeTarget section */

/* Begin PBXProject section */
		E2FC6CF92848EB4D00C33604 /* Project object */ = {
			isa = PBXProject;
			attributes = {
				BuildIndependentTargetsInParallel = 1;
				LastSwiftUpdateCheck = 1340;
				LastUpgradeCheck = 1340;
				TargetAttributes = {
					E2FC6D002848EB4D00C33604 = {
						CreatedOnToolsVersion = 13.4;
					};
					E2FC6D162848EB4F00C33604 = {
						CreatedOnToolsVersion = 13.4;
						TestTargetID = E2FC6D002848EB4D00C33604;
					};
					E2FC6D202848EB4F00C33604 = {
						CreatedOnToolsVersion = 13.4;
						TestTargetID = E2FC6D002848EB4D00C33604;
					};
				};
			};
			buildConfigurationList = E2FC6CFC2848EB4D00C33604 /* Build configuration list for PBXProject "MoviesApp" */;
			compatibilityVersion = "Xcode 13.0";
			developmentRegion = en;
			hasScannedForEncodings = 0;
			knownRegions = (
				en,
				Base,
			);
			mainGroup = E2FC6CF82848EB4D00C33604;
			productRefGroup = E2FC6D022848EB4D00C33604 /* Products */;
			projectDirPath = "";
			projectRoot = "";
			targets = (
				E2FC6D002848EB4D00C33604 /* MoviesApp */,
				E2FC6D162848EB4F00C33604 /* MoviesAppTests */,
				E2FC6D202848EB4F00C33604 /* MoviesAppUITests */,
			);
		};
/* End PBXProject section */

/* Begin PBXResourcesBuildPhase section */
		E2FC6CFF2848EB4D00C33604 /* Resources */ = {
			isa = PBXResourcesBuildPhase;
			buildActionMask = 2147483647;
			files = (
				E2FC6D112848EB4F00C33604 /* LaunchScreen.storyboard in Resources */,
				E2FC6D0E2848EB4F00C33604 /* Assets.xcassets in Resources */,
				E2FC6D0C2848EB4D00C33604 /* Main.storyboard in Resources */,
			);
			runOnlyForDeploymentPostprocessing = 0;
		};
		E2FC6D152848EB4F00C33604 /* Resources */ = {
			isa = PBXResourcesBuildPhase;
			buildActionMask = 2147483647;
			files = (
			);
			runOnlyForDeploymentPostprocessing = 0;
		};
		E2FC6D1F2848EB4F00C33604 /* Resources */ = {
			isa = PBXResourcesBuildPhase;
			buildActionMask = 2147483647;
			files = (
			);
			runOnlyForDeploymentPostprocessing = 0;
		};
/* End PBXResourcesBuildPhase section */

/* Begin PBXShellScriptBuildPhase section */
		63BE6B0450E256883A1644E1 /* [CP] Embed Pods Frameworks */ = {
			isa = PBXShellScriptBuildPhase;
			buildActionMask = 2147483647;
			files = (
			);
			inputFileListPaths = (
				"${PODS_ROOT}/Target Support Files/Pods-MoviesApp-MoviesAppUITests/Pods-MoviesApp-MoviesAppUITests-frameworks-${CONFIGURATION}-input-files.xcfilelist",
			);
			name = "[CP] Embed Pods Frameworks";
			outputFileListPaths = (
				"${PODS_ROOT}/Target Support Files/Pods-MoviesApp-MoviesAppUITests/Pods-MoviesApp-MoviesAppUITests-frameworks-${CONFIGURATION}-output-files.xcfilelist",
			);
			runOnlyForDeploymentPostprocessing = 0;
			shellPath = /bin/sh;
			shellScript = "\"${PODS_ROOT}/Target Support Files/Pods-MoviesApp-MoviesAppUITests/Pods-MoviesApp-MoviesAppUITests-frameworks.sh\"\n";
			showEnvVarsInLog = 0;
		};
		7670E4D828FD9FCD7810F5CB /* [CP] Check Pods Manifest.lock */ = {
			isa = PBXShellScriptBuildPhase;
			buildActionMask = 2147483647;
			files = (
			);
			inputFileListPaths = (
			);
			inputPaths = (
				"${PODS_PODFILE_DIR_PATH}/Podfile.lock",
				"${PODS_ROOT}/Manifest.lock",
			);
			name = "[CP] Check Pods Manifest.lock";
			outputFileListPaths = (
			);
			outputPaths = (
				"$(DERIVED_FILE_DIR)/Pods-MoviesApp-checkManifestLockResult.txt",
			);
			runOnlyForDeploymentPostprocessing = 0;
			shellPath = /bin/sh;
			shellScript = "diff \"${PODS_PODFILE_DIR_PATH}/Podfile.lock\" \"${PODS_ROOT}/Manifest.lock\" > /dev/null\nif [ $? != 0 ] ; then\n    # print error to STDERR\n    echo \"error: The sandbox is not in sync with the Podfile.lock. Run 'pod install' or update your CocoaPods installation.\" >&2\n    exit 1\nfi\n# This output is used by Xcode 'outputs' to avoid re-running this script phase.\necho \"SUCCESS\" > \"${SCRIPT_OUTPUT_FILE_0}\"\n";
			showEnvVarsInLog = 0;
		};
		7DA49EAB45C9846D948CFFE2 /* [CP] Embed Pods Frameworks */ = {
			isa = PBXShellScriptBuildPhase;
			buildActionMask = 2147483647;
			files = (
			);
			inputFileListPaths = (
				"${PODS_ROOT}/Target Support Files/Pods-MoviesApp/Pods-MoviesApp-frameworks-${CONFIGURATION}-input-files.xcfilelist",
			);
			name = "[CP] Embed Pods Frameworks";
			outputFileListPaths = (
				"${PODS_ROOT}/Target Support Files/Pods-MoviesApp/Pods-MoviesApp-frameworks-${CONFIGURATION}-output-files.xcfilelist",
			);
			runOnlyForDeploymentPostprocessing = 0;
			shellPath = /bin/sh;
			shellScript = "\"${PODS_ROOT}/Target Support Files/Pods-MoviesApp/Pods-MoviesApp-frameworks.sh\"\n";
			showEnvVarsInLog = 0;
		};
		CA429C8221DC42BE52520BDA /* [CP] Check Pods Manifest.lock */ = {
			isa = PBXShellScriptBuildPhase;
			buildActionMask = 2147483647;
			files = (
			);
			inputFileListPaths = (
			);
			inputPaths = (
				"${PODS_PODFILE_DIR_PATH}/Podfile.lock",
				"${PODS_ROOT}/Manifest.lock",
			);
			name = "[CP] Check Pods Manifest.lock";
			outputFileListPaths = (
			);
			outputPaths = (
				"$(DERIVED_FILE_DIR)/Pods-MoviesAppTests-checkManifestLockResult.txt",
			);
			runOnlyForDeploymentPostprocessing = 0;
			shellPath = /bin/sh;
			shellScript = "diff \"${PODS_PODFILE_DIR_PATH}/Podfile.lock\" \"${PODS_ROOT}/Manifest.lock\" > /dev/null\nif [ $? != 0 ] ; then\n    # print error to STDERR\n    echo \"error: The sandbox is not in sync with the Podfile.lock. Run 'pod install' or update your CocoaPods installation.\" >&2\n    exit 1\nfi\n# This output is used by Xcode 'outputs' to avoid re-running this script phase.\necho \"SUCCESS\" > \"${SCRIPT_OUTPUT_FILE_0}\"\n";
			showEnvVarsInLog = 0;
		};
		CC7E416BA6EE4CE3D007D13A /* [CP] Check Pods Manifest.lock */ = {
			isa = PBXShellScriptBuildPhase;
			buildActionMask = 2147483647;
			files = (
			);
			inputFileListPaths = (
			);
			inputPaths = (
				"${PODS_PODFILE_DIR_PATH}/Podfile.lock",
				"${PODS_ROOT}/Manifest.lock",
			);
			name = "[CP] Check Pods Manifest.lock";
			outputFileListPaths = (
			);
			outputPaths = (
				"$(DERIVED_FILE_DIR)/Pods-MoviesApp-MoviesAppUITests-checkManifestLockResult.txt",
			);
			runOnlyForDeploymentPostprocessing = 0;
			shellPath = /bin/sh;
			shellScript = "diff \"${PODS_PODFILE_DIR_PATH}/Podfile.lock\" \"${PODS_ROOT}/Manifest.lock\" > /dev/null\nif [ $? != 0 ] ; then\n    # print error to STDERR\n    echo \"error: The sandbox is not in sync with the Podfile.lock. Run 'pod install' or update your CocoaPods installation.\" >&2\n    exit 1\nfi\n# This output is used by Xcode 'outputs' to avoid re-running this script phase.\necho \"SUCCESS\" > \"${SCRIPT_OUTPUT_FILE_0}\"\n";
			showEnvVarsInLog = 0;
		};
/* End PBXShellScriptBuildPhase section */

/* Begin PBXSourcesBuildPhase section */
		E2FC6CFD2848EB4D00C33604 /* Sources */ = {
			isa = PBXSourcesBuildPhase;
			buildActionMask = 2147483647;
			files = (
				E2FC6D47284958EA00C33604 /* LabelUtilities.swift in Sources */,
				E2FC6D50284972FE00C33604 /* HomeViewModel.swift in Sources */,
				E2FC6D64284979AD00C33604 /* HttpRequestHelper.swift in Sources */,
				E2FC6D6E284A655C00C33604 /* ViewUtilities.swift in Sources */,
				E2FC6D092848EB4D00C33604 /* HomeVC.swift in Sources */,
				E2FC6D70284A70A400C33604 /* DetailVC.swift in Sources */,
				E2FC6D4E28496DD000C33604 /* MovieCell.swift in Sources */,
				E2FC6D4B284969E900C33604 /* TableViewUtilities.swift in Sources */,
				E2FC6D492849623000C33604 /* Movie.swift in Sources */,
				E2FC6D6728497A9600C33604 /* HomeDataSource.swift in Sources */,
				E2FC6D052848EB4D00C33604 /* AppDelegate.swift in Sources */,
				E2FC6D692849814700C33604 /* MovieCellViewModel.swift in Sources */,
				E2FC6D72284A8C8900C33604 /* SpinnerUtilities.swift in Sources */,
				E2FC6D452849056800C33604 /* ImageUtilities.swift in Sources */,
				E2FC6D612849754600C33604 /* Common.swift in Sources */,
				E2FC6D072848EB4D00C33604 /* SceneDelegate.swift in Sources */,
			);
			runOnlyForDeploymentPostprocessing = 0;
		};
		E2FC6D132848EB4F00C33604 /* Sources */ = {
			isa = PBXSourcesBuildPhase;
			buildActionMask = 2147483647;
			files = (
				E2FC6D1C2848EB4F00C33604 /* MoviesAppTests.swift in Sources */,
			);
			runOnlyForDeploymentPostprocessing = 0;
		};
		E2FC6D1D2848EB4F00C33604 /* Sources */ = {
			isa = PBXSourcesBuildPhase;
			buildActionMask = 2147483647;
			files = (
				E2FC6D262848EB4F00C33604 /* MoviesAppUITests.swift in Sources */,
				E2FC6D282848EB4F00C33604 /* MoviesAppUITestsLaunchTests.swift in Sources */,
			);
			runOnlyForDeploymentPostprocessing = 0;
		};
/* End PBXSourcesBuildPhase section */

/* Begin PBXTargetDependency section */
		E2FC6D192848EB4F00C33604 /* PBXTargetDependency */ = {
			isa = PBXTargetDependency;
			target = E2FC6D002848EB4D00C33604 /* MoviesApp */;
			targetProxy = E2FC6D182848EB4F00C33604 /* PBXContainerItemProxy */;
		};
		E2FC6D232848EB4F00C33604 /* PBXTargetDependency */ = {
			isa = PBXTargetDependency;
			target = E2FC6D002848EB4D00C33604 /* MoviesApp */;
			targetProxy = E2FC6D222848EB4F00C33604 /* PBXContainerItemProxy */;
		};
/* End PBXTargetDependency section */

/* Begin PBXVariantGroup section */
		E2FC6D0A2848EB4D00C33604 /* Main.storyboard */ = {
			isa = PBXVariantGroup;
			children = (
				E2FC6D0B2848EB4D00C33604 /* Base */,
			);
			name = Main.storyboard;
			sourceTree = "<group>";
		};
		E2FC6D0F2848EB4F00C33604 /* LaunchScreen.storyboard */ = {
			isa = PBXVariantGroup;
			children = (
				E2FC6D102848EB4F00C33604 /* Base */,
			);
			name = LaunchScreen.storyboard;
			sourceTree = "<group>";
		};
/* End PBXVariantGroup section */

/* Begin XCBuildConfiguration section */
		E2FC6D292848EB4F00C33604 /* Debug */ = {
			isa = XCBuildConfiguration;
			buildSettings = {
				ALWAYS_SEARCH_USER_PATHS = NO;
				CLANG_ANALYZER_NONNULL = YES;
				CLANG_ANALYZER_NUMBER_OBJECT_CONVERSION = YES_AGGRESSIVE;
				CLANG_CXX_LANGUAGE_STANDARD = "gnu++17";
				CLANG_ENABLE_MODULES = YES;
				CLANG_ENABLE_OBJC_ARC = YES;
				CLANG_ENABLE_OBJC_WEAK = YES;
				CLANG_WARN_BLOCK_CAPTURE_AUTORELEASING = YES;
				CLANG_WARN_BOOL_CONVERSION = YES;
				CLANG_WARN_COMMA = YES;
				CLANG_WARN_CONSTANT_CONVERSION = YES;
				CLANG_WARN_DEPRECATED_OBJC_IMPLEMENTATIONS = YES;
				CLANG_WARN_DIRECT_OBJC_ISA_USAGE = YES_ERROR;
				CLANG_WARN_DOCUMENTATION_COMMENTS = YES;
				CLANG_WARN_EMPTY_BODY = YES;
				CLANG_WARN_ENUM_CONVERSION = YES;
				CLANG_WARN_INFINITE_RECURSION = YES;
				CLANG_WARN_INT_CONVERSION = YES;
				CLANG_WARN_NON_LITERAL_NULL_CONVERSION = YES;
				CLANG_WARN_OBJC_IMPLICIT_RETAIN_SELF = YES;
				CLANG_WARN_OBJC_LITERAL_CONVERSION = YES;
				CLANG_WARN_OBJC_ROOT_CLASS = YES_ERROR;
				CLANG_WARN_QUOTED_INCLUDE_IN_FRAMEWORK_HEADER = YES;
				CLANG_WARN_RANGE_LOOP_ANALYSIS = YES;
				CLANG_WARN_STRICT_PROTOTYPES = YES;
				CLANG_WARN_SUSPICIOUS_MOVE = YES;
				CLANG_WARN_UNGUARDED_AVAILABILITY = YES_AGGRESSIVE;
				CLANG_WARN_UNREACHABLE_CODE = YES;
				CLANG_WARN__DUPLICATE_METHOD_MATCH = YES;
				COPY_PHASE_STRIP = NO;
				DEBUG_INFORMATION_FORMAT = dwarf;
				ENABLE_STRICT_OBJC_MSGSEND = YES;
				ENABLE_TESTABILITY = YES;
				GCC_C_LANGUAGE_STANDARD = gnu11;
				GCC_DYNAMIC_NO_PIC = NO;
				GCC_NO_COMMON_BLOCKS = YES;
				GCC_OPTIMIZATION_LEVEL = 0;
				GCC_PREPROCESSOR_DEFINITIONS = (
					"DEBUG=1",
					"$(inherited)",
				);
				GCC_WARN_64_TO_32_BIT_CONVERSION = YES;
				GCC_WARN_ABOUT_RETURN_TYPE = YES_ERROR;
				GCC_WARN_UNDECLARED_SELECTOR = YES;
				GCC_WARN_UNINITIALIZED_AUTOS = YES_AGGRESSIVE;
				GCC_WARN_UNUSED_FUNCTION = YES;
				GCC_WARN_UNUSED_VARIABLE = YES;
				IPHONEOS_DEPLOYMENT_TARGET = 15.5;
				MTL_ENABLE_DEBUG_INFO = INCLUDE_SOURCE;
				MTL_FAST_MATH = YES;
				ONLY_ACTIVE_ARCH = YES;
				SDKROOT = iphoneos;
				SWIFT_ACTIVE_COMPILATION_CONDITIONS = DEBUG;
				SWIFT_OPTIMIZATION_LEVEL = "-Onone";
			};
			name = Debug;
		};
		E2FC6D2A2848EB4F00C33604 /* Release */ = {
			isa = XCBuildConfiguration;
			buildSettings = {
				ALWAYS_SEARCH_USER_PATHS = NO;
				CLANG_ANALYZER_NONNULL = YES;
				CLANG_ANALYZER_NUMBER_OBJECT_CONVERSION = YES_AGGRESSIVE;
				CLANG_CXX_LANGUAGE_STANDARD = "gnu++17";
				CLANG_ENABLE_MODULES = YES;
				CLANG_ENABLE_OBJC_ARC = YES;
				CLANG_ENABLE_OBJC_WEAK = YES;
				CLANG_WARN_BLOCK_CAPTURE_AUTORELEASING = YES;
				CLANG_WARN_BOOL_CONVERSION = YES;
				CLANG_WARN_COMMA = YES;
				CLANG_WARN_CONSTANT_CONVERSION = YES;
				CLANG_WARN_DEPRECATED_OBJC_IMPLEMENTATIONS = YES;
				CLANG_WARN_DIRECT_OBJC_ISA_USAGE = YES_ERROR;
				CLANG_WARN_DOCUMENTATION_COMMENTS = YES;
				CLANG_WARN_EMPTY_BODY = YES;
				CLANG_WARN_ENUM_CONVERSION = YES;
				CLANG_WARN_INFINITE_RECURSION = YES;
				CLANG_WARN_INT_CONVERSION = YES;
				CLANG_WARN_NON_LITERAL_NULL_CONVERSION = YES;
				CLANG_WARN_OBJC_IMPLICIT_RETAIN_SELF = YES;
				CLANG_WARN_OBJC_LITERAL_CONVERSION = YES;
				CLANG_WARN_OBJC_ROOT_CLASS = YES_ERROR;
				CLANG_WARN_QUOTED_INCLUDE_IN_FRAMEWORK_HEADER = YES;
				CLANG_WARN_RANGE_LOOP_ANALYSIS = YES;
				CLANG_WARN_STRICT_PROTOTYPES = YES;
				CLANG_WARN_SUSPICIOUS_MOVE = YES;
				CLANG_WARN_UNGUARDED_AVAILABILITY = YES_AGGRESSIVE;
				CLANG_WARN_UNREACHABLE_CODE = YES;
				CLANG_WARN__DUPLICATE_METHOD_MATCH = YES;
				COPY_PHASE_STRIP = NO;
				DEBUG_INFORMATION_FORMAT = "dwarf-with-dsym";
				ENABLE_NS_ASSERTIONS = NO;
				ENABLE_STRICT_OBJC_MSGSEND = YES;
				GCC_C_LANGUAGE_STANDARD = gnu11;
				GCC_NO_COMMON_BLOCKS = YES;
				GCC_WARN_64_TO_32_BIT_CONVERSION = YES;
				GCC_WARN_ABOUT_RETURN_TYPE = YES_ERROR;
				GCC_WARN_UNDECLARED_SELECTOR = YES;
				GCC_WARN_UNINITIALIZED_AUTOS = YES_AGGRESSIVE;
				GCC_WARN_UNUSED_FUNCTION = YES;
				GCC_WARN_UNUSED_VARIABLE = YES;
				IPHONEOS_DEPLOYMENT_TARGET = 15.5;
				MTL_ENABLE_DEBUG_INFO = NO;
				MTL_FAST_MATH = YES;
				SDKROOT = iphoneos;
				SWIFT_COMPILATION_MODE = wholemodule;
				SWIFT_OPTIMIZATION_LEVEL = "-O";
				VALIDATE_PRODUCT = YES;
			};
			name = Release;
		};
		E2FC6D2C2848EB4F00C33604 /* Debug */ = {
			isa = XCBuildConfiguration;
			baseConfigurationReference = 76B91E2ED7022C18B33D89FB /* Pods-MoviesApp.debug.xcconfig */;
			buildSettings = {
				ASSETCATALOG_COMPILER_APPICON_NAME = AppIcon;
				ASSETCATALOG_COMPILER_GLOBAL_ACCENT_COLOR_NAME = AccentColor;
				CODE_SIGN_STYLE = Automatic;
				CURRENT_PROJECT_VERSION = 1;
				DEVELOPMENT_TEAM = 352R93225X;
				GENERATE_INFOPLIST_FILE = YES;
				INFOPLIST_FILE = MoviesApp/Ressources/Info.plist;
				INFOPLIST_KEY_UIApplicationSupportsIndirectInputEvents = YES;
				INFOPLIST_KEY_UILaunchStoryboardName = LaunchScreen;
				INFOPLIST_KEY_UIMainStoryboardFile = Main;
				INFOPLIST_KEY_UISupportedInterfaceOrientations_iPad = "UIInterfaceOrientationPortrait UIInterfaceOrientationPortraitUpsideDown UIInterfaceOrientationLandscapeLeft UIInterfaceOrientationLandscapeRight";
				INFOPLIST_KEY_UISupportedInterfaceOrientations_iPhone = "UIInterfaceOrientationPortrait UIInterfaceOrientationLandscapeLeft UIInterfaceOrientationLandscapeRight";
				LD_RUNPATH_SEARCH_PATHS = (
					"$(inherited)",
					"@executable_path/Frameworks",
				);
				MARKETING_VERSION = 1.0;
				PRODUCT_BUNDLE_IDENTIFIER = com.app.mbayenn.MoviesApp;
				PRODUCT_NAME = "$(TARGET_NAME)";
				SWIFT_EMIT_LOC_STRINGS = YES;
				SWIFT_VERSION = 5.0;
				TARGETED_DEVICE_FAMILY = "1,2";
			};
			name = Debug;
		};
		E2FC6D2D2848EB4F00C33604 /* Release */ = {
			isa = XCBuildConfiguration;
			baseConfigurationReference = 115B146CD8D84DF98B28E3BD /* Pods-MoviesApp.release.xcconfig */;
			buildSettings = {
				ASSETCATALOG_COMPILER_APPICON_NAME = AppIcon;
				ASSETCATALOG_COMPILER_GLOBAL_ACCENT_COLOR_NAME = AccentColor;
				CODE_SIGN_STYLE = Automatic;
				CURRENT_PROJECT_VERSION = 1;
				DEVELOPMENT_TEAM = 352R93225X;
				GENERATE_INFOPLIST_FILE = YES;
				INFOPLIST_FILE = MoviesApp/Ressources/Info.plist;
				INFOPLIST_KEY_UIApplicationSupportsIndirectInputEvents = YES;
				INFOPLIST_KEY_UILaunchStoryboardName = LaunchScreen;
				INFOPLIST_KEY_UIMainStoryboardFile = Main;
				INFOPLIST_KEY_UISupportedInterfaceOrientations_iPad = "UIInterfaceOrientationPortrait UIInterfaceOrientationPortraitUpsideDown UIInterfaceOrientationLandscapeLeft UIInterfaceOrientationLandscapeRight";
				INFOPLIST_KEY_UISupportedInterfaceOrientations_iPhone = "UIInterfaceOrientationPortrait UIInterfaceOrientationLandscapeLeft UIInterfaceOrientationLandscapeRight";
				LD_RUNPATH_SEARCH_PATHS = (
					"$(inherited)",
					"@executable_path/Frameworks",
				);
				MARKETING_VERSION = 1.0;
				PRODUCT_BUNDLE_IDENTIFIER = com.app.mbayenn.MoviesApp;
				PRODUCT_NAME = "$(TARGET_NAME)";
				SWIFT_EMIT_LOC_STRINGS = YES;
				SWIFT_VERSION = 5.0;
				TARGETED_DEVICE_FAMILY = "1,2";
			};
			name = Release;
		};
		E2FC6D2F2848EB4F00C33604 /* Debug */ = {
			isa = XCBuildConfiguration;
			baseConfigurationReference = F6CCE30E9120D53EFE149F43 /* Pods-MoviesAppTests.debug.xcconfig */;
			buildSettings = {
				ALWAYS_EMBED_SWIFT_STANDARD_LIBRARIES = YES;
				BUNDLE_LOADER = "$(TEST_HOST)";
				CODE_SIGN_STYLE = Automatic;
				CURRENT_PROJECT_VERSION = 1;
				DEVELOPMENT_TEAM = 352R93225X;
				GENERATE_INFOPLIST_FILE = YES;
				IPHONEOS_DEPLOYMENT_TARGET = 15.5;
				MARKETING_VERSION = 1.0;
				PRODUCT_BUNDLE_IDENTIFIER = com.app.mbayenn.MoviesAppTests;
				PRODUCT_NAME = "$(TARGET_NAME)";
				SWIFT_EMIT_LOC_STRINGS = NO;
				SWIFT_VERSION = 5.0;
				TARGETED_DEVICE_FAMILY = "1,2";
				TEST_HOST = "$(BUILT_PRODUCTS_DIR)/MoviesApp.app/MoviesApp";
			};
			name = Debug;
		};
		E2FC6D302848EB4F00C33604 /* Release */ = {
			isa = XCBuildConfiguration;
			baseConfigurationReference = 41C56C1E17C9E815398405AD /* Pods-MoviesAppTests.release.xcconfig */;
			buildSettings = {
				ALWAYS_EMBED_SWIFT_STANDARD_LIBRARIES = YES;
				BUNDLE_LOADER = "$(TEST_HOST)";
				CODE_SIGN_STYLE = Automatic;
				CURRENT_PROJECT_VERSION = 1;
				DEVELOPMENT_TEAM = 352R93225X;
				GENERATE_INFOPLIST_FILE = YES;
				IPHONEOS_DEPLOYMENT_TARGET = 15.5;
				MARKETING_VERSION = 1.0;
				PRODUCT_BUNDLE_IDENTIFIER = com.app.mbayenn.MoviesAppTests;
				PRODUCT_NAME = "$(TARGET_NAME)";
				SWIFT_EMIT_LOC_STRINGS = NO;
				SWIFT_VERSION = 5.0;
				TARGETED_DEVICE_FAMILY = "1,2";
				TEST_HOST = "$(BUILT_PRODUCTS_DIR)/MoviesApp.app/MoviesApp";
			};
			name = Release;
		};
		E2FC6D322848EB4F00C33604 /* Debug */ = {
			isa = XCBuildConfiguration;
			baseConfigurationReference = 324FD94C19391620A04C09E7 /* Pods-MoviesApp-MoviesAppUITests.debug.xcconfig */;
			buildSettings = {
				ALWAYS_EMBED_SWIFT_STANDARD_LIBRARIES = YES;
				CODE_SIGN_STYLE = Automatic;
				CURRENT_PROJECT_VERSION = 1;
				DEVELOPMENT_TEAM = 352R93225X;
				GENERATE_INFOPLIST_FILE = YES;
				MARKETING_VERSION = 1.0;
				PRODUCT_BUNDLE_IDENTIFIER = com.app.mbayenn.MoviesAppUITests;
				PRODUCT_NAME = "$(TARGET_NAME)";
				SWIFT_EMIT_LOC_STRINGS = NO;
				SWIFT_VERSION = 5.0;
				TARGETED_DEVICE_FAMILY = "1,2";
				TEST_TARGET_NAME = MoviesApp;
			};
			name = Debug;
		};
		E2FC6D332848EB4F00C33604 /* Release */ = {
			isa = XCBuildConfiguration;
			baseConfigurationReference = 8553BF11E651F757B402E2D1 /* Pods-MoviesApp-MoviesAppUITests.release.xcconfig */;
			buildSettings = {
				ALWAYS_EMBED_SWIFT_STANDARD_LIBRARIES = YES;
				CODE_SIGN_STYLE = Automatic;
				CURRENT_PROJECT_VERSION = 1;
				DEVELOPMENT_TEAM = 352R93225X;
				GENERATE_INFOPLIST_FILE = YES;
				MARKETING_VERSION = 1.0;
				PRODUCT_BUNDLE_IDENTIFIER = com.app.mbayenn.MoviesAppUITests;
				PRODUCT_NAME = "$(TARGET_NAME)";
				SWIFT_EMIT_LOC_STRINGS = NO;
				SWIFT_VERSION = 5.0;
				TARGETED_DEVICE_FAMILY = "1,2";
				TEST_TARGET_NAME = MoviesApp;
			};
			name = Release;
		};
/* End XCBuildConfiguration section */

/* Begin XCConfigurationList section */
		E2FC6CFC2848EB4D00C33604 /* Build configuration list for PBXProject "MoviesApp" */ = {
			isa = XCConfigurationList;
			buildConfigurations = (
				E2FC6D292848EB4F00C33604 /* Debug */,
				E2FC6D2A2848EB4F00C33604 /* Release */,
			);
			defaultConfigurationIsVisible = 0;
			defaultConfigurationName = Release;
		};
		E2FC6D2B2848EB4F00C33604 /* Build configuration list for PBXNativeTarget "MoviesApp" */ = {
			isa = XCConfigurationList;
			buildConfigurations = (
				E2FC6D2C2848EB4F00C33604 /* Debug */,
				E2FC6D2D2848EB4F00C33604 /* Release */,
			);
			defaultConfigurationIsVisible = 0;
			defaultConfigurationName = Release;
		};
		E2FC6D2E2848EB4F00C33604 /* Build configuration list for PBXNativeTarget "MoviesAppTests" */ = {
			isa = XCConfigurationList;
			buildConfigurations = (
				E2FC6D2F2848EB4F00C33604 /* Debug */,
				E2FC6D302848EB4F00C33604 /* Release */,
			);
			defaultConfigurationIsVisible = 0;
			defaultConfigurationName = Release;
		};
		E2FC6D312848EB4F00C33604 /* Build configuration list for PBXNativeTarget "MoviesAppUITests" */ = {
			isa = XCConfigurationList;
			buildConfigurations = (
				E2FC6D322848EB4F00C33604 /* Debug */,
				E2FC6D332848EB4F00C33604 /* Release */,
			);
			defaultConfigurationIsVisible = 0;
			defaultConfigurationName = Release;
		};
/* End XCConfigurationList section */
	};
	rootObject = E2FC6CF92848EB4D00C33604 /* Project object */;
}
